
Microsoft Visual Studio Solution File, Format Version 12.00
# Visual Studio Version 16
VisualStudioVersion = 16.0.29020.237
MinimumVisualStudioVersion = 10.0.40219.1
Project("{FAE04EC0-301F-11D3-BF4B-00C04F79EFBC}") = "Test", "Test.csproj", "{7FD84D56-0909-43A7-9E94-CE38B6F20112}"
EndProject
Global
	GlobalSection(SolutionConfigurationPlatforms) = preSolution
		Debug|Any CPU = Debug|Any CPU
		Release|Any CPU = Release|Any CPU
	EndGlobalSection
	GlobalSection(ProjectConfigurationPlatforms) = postSolution
		{7FD84D56-0909-43A7-9E94-CE38B6F20112}.Debug|Any CPU.ActiveCfg = Debug|Any CPU
		{7FD84D56-0909-43A7-9E94-CE38B6F20112}.Debug|Any CPU.Build.0 = Debug|Any CPU
		{7FD84D56-0909-43A7-9E94-CE38B6F20112}.Release|Any CPU.ActiveCfg = Release|Any CPU
		{7FD84D56-0909-43A7-9E94-CE38B6F20112}.Release|Any CPU.Build.0 = Release|Any CPU
	EndGlobalSection
	GlobalSection(SolutionProperties) = preSolution
		HideSolutionNode = FALSE
	EndGlobalSection
	GlobalSection(ExtensibilityGlobals) = postSolution
		SolutionGuid = {FBB4744F-BBA8-4501-85BB-2776BB3CF67F}
	EndGlobalSection
EndGlobal
